
Microsoft Visual Studio Solution File, Format Version 12.00
# Visual Studio 15
VisualStudioVersion = 15.0.27130.2010
MinimumVisualStudioVersion = 10.0.40219.1
Project("{FAE04EC0-301F-11D3-BF4B-00C04F79EFBC}") = "WebCore", "WebCore\WebCore.csproj", "{13D8113F-7E56-4A86-A76B-9B69B4606796}"
EndProject
Global
	GlobalSection(SolutionConfigurationPlatforms) = preSolution
		Debug|Any CPU = Debug|Any CPU
		Release|Any CPU = Release|Any CPU
	EndGlobalSection
	GlobalSection(ProjectConfigurationPlatforms) = postSolution
		{13D8113F-7E56-4A86-A76B-9B69B4606796}.Debug|Any CPU.ActiveCfg = Debug|Any CPU
		{13D8113F-7E56-4A86-A76B-9B69B4606796}.Debug|Any CPU.Build.0 = Debug|Any CPU
		{13D8113F-7E56-4A86-A76B-9B69B4606796}.Release|Any CPU.ActiveCfg = Release|Any CPU
		{13D8113F-7E56-4A86-A76B-9B69B4606796}.Release|Any CPU.Build.0 = Release|Any CPU
	EndGlobalSection
	GlobalSection(SolutionProperties) = preSolution
		HideSolutionNode = FALSE
	EndGlobalSection
	GlobalSection(ExtensibilityGlobals) = postSolution
		SolutionGuid = {FDD55E84-7D5E-4A40-BF0C-0767C09D440D}
	EndGlobalSection
EndGlobal
